
Microsoft Visual Studio Solution File, Format Version 12.00
# Visual Studio Version 17
VisualStudioVersion = 17.4.33213.308
MinimumVisualStudioVersion = 10.0.40219.1
Project("{FAE04EC0-301F-11D3-BF4B-00C04F79EFBC}") = "DATA.REPORT.Core", "DATA.REPORT.Core\DATA.REPORT.Core.csproj", "{1435BFC2-C25F-4934-8B56-FDEAB448819C}"
EndProject
Project("{FAE04EC0-301F-11D3-BF4B-00C04F79EFBC}") = "DATA.REPORT.Core.BL", "DATA.REPORT.BL\DATA.REPORT.Core.BL.csproj", "{714C982B-31E9-4B02-AA2B-5A0FB6B754A2}"
EndProject
Project("{FAE04EC0-301F-11D3-BF4B-00C04F79EFBC}") = "DATA.REPORT.Core.DL", "DATA.REPORT.Core.DL\DATA.REPORT.Core.DL.csproj", "{DA59F67C-2D24-408D-A8DA-0C93BAE13716}"
EndProject
Project("{FAE04EC0-301F-11D3-BF4B-00C04F79EFBC}") = "DATA.REPORT.Library", "DATA.REPORT.Library\DATA.REPORT.Library.csproj", "{F04E8CBA-BFB5-4202-AE98-C9834F09B386}"
EndProject
Project("{FAE04EC0-301F-11D3-BF4B-00C04F79EFBC}") = "DATA.REPORT.Model", "DATA.REPORT.Model\DATA.REPORT.Model.csproj", "{AB09AF7E-80A5-4E67-8A4B-7EB16F1671EC}"
EndProject
Project("{2150E333-8FDC-42A3-9474-1A3956D46DE8}") = "Shared", "Shared", "{36A1CC3A-89B0-466E-B2E4-DECE573BD54F}"
EndProject
Project("{2150E333-8FDC-42A3-9474-1A3956D46DE8}") = "Core", "Core", "{4B6C606C-1A2A-43E0-BB27-4F8F20387E93}"
EndProject
Project("{2150E333-8FDC-42A3-9474-1A3956D46DE8}") = "Report", "Report", "{817B16CB-9C21-46B5-BC1C-CABA83215936}"
EndProject
Project("{FAE04EC0-301F-11D3-BF4B-00C04F79EFBC}") = "DATA.REPORT.Core.Stimulsoft", "DATA.REPORT.Core.Stimulsoft\DATA.REPORT.Core.Stimulsoft.csproj", "{2B6E3066-32CE-498F-99FB-FECB38936FA5}"
EndProject
Global
	GlobalSection(SolutionConfigurationPlatforms) = preSolution
		Debug|Any CPU = Debug|Any CPU
		Release|Any CPU = Release|Any CPU
	EndGlobalSection
	GlobalSection(ProjectConfigurationPlatforms) = postSolution
		{1435BFC2-C25F-4934-8B56-FDEAB448819C}.Debug|Any CPU.ActiveCfg = Debug|Any CPU
		{1435BFC2-C25F-4934-8B56-FDEAB448819C}.Debug|Any CPU.Build.0 = Debug|Any CPU
		{1435BFC2-C25F-4934-8B56-FDEAB448819C}.Release|Any CPU.ActiveCfg = Release|Any CPU
		{1435BFC2-C25F-4934-8B56-FDEAB448819C}.Release|Any CPU.Build.0 = Release|Any CPU
		{714C982B-31E9-4B02-AA2B-5A0FB6B754A2}.Debug|Any CPU.ActiveCfg = Debug|Any CPU
		{714C982B-31E9-4B02-AA2B-5A0FB6B754A2}.Debug|Any CPU.Build.0 = Debug|Any CPU
		{714C982B-31E9-4B02-AA2B-5A0FB6B754A2}.Release|Any CPU.ActiveCfg = Release|Any CPU
		{714C982B-31E9-4B02-AA2B-5A0FB6B754A2}.Release|Any CPU.Build.0 = Release|Any CPU
		{DA59F67C-2D24-408D-A8DA-0C93BAE13716}.Debug|Any CPU.ActiveCfg = Debug|Any CPU
		{DA59F67C-2D24-408D-A8DA-0C93BAE13716}.Debug|Any CPU.Build.0 = Debug|Any CPU
		{DA59F67C-2D24-408D-A8DA-0C93BAE13716}.Release|Any CPU.ActiveCfg = Release|Any CPU
		{DA59F67C-2D24-408D-A8DA-0C93BAE13716}.Release|Any CPU.Build.0 = Release|Any CPU
		{F04E8CBA-BFB5-4202-AE98-C9834F09B386}.Debug|Any CPU.ActiveCfg = Debug|Any CPU
		{F04E8CBA-BFB5-4202-AE98-C9834F09B386}.Debug|Any CPU.Build.0 = Debug|Any CPU
		{F04E8CBA-BFB5-4202-AE98-C9834F09B386}.Release|Any CPU.ActiveCfg = Release|Any CPU
		{F04E8CBA-BFB5-4202-AE98-C9834F09B386}.Release|Any CPU.Build.0 = Release|Any CPU
		{AB09AF7E-80A5-4E67-8A4B-7EB16F1671EC}.Debug|Any CPU.ActiveCfg = Debug|Any CPU
		{AB09AF7E-80A5-4E67-8A4B-7EB16F1671EC}.Debug|Any CPU.Build.0 = Debug|Any CPU
		{AB09AF7E-80A5-4E67-8A4B-7EB16F1671EC}.Release|Any CPU.ActiveCfg = Release|Any CPU
		{AB09AF7E-80A5-4E67-8A4B-7EB16F1671EC}.Release|Any CPU.Build.0 = Release|Any CPU
		{2B6E3066-32CE-498F-99FB-FECB38936FA5}.Debug|Any CPU.ActiveCfg = Debug|Any CPU
		{2B6E3066-32CE-498F-99FB-FECB38936FA5}.Debug|Any CPU.Build.0 = Debug|Any CPU
		{2B6E3066-32CE-498F-99FB-FECB38936FA5}.Release|Any CPU.ActiveCfg = Release|Any CPU
		{2B6E3066-32CE-498F-99FB-FECB38936FA5}.Release|Any CPU.Build.0 = Release|Any CPU
	EndGlobalSection
	GlobalSection(SolutionProperties) = preSolution
		HideSolutionNode = FALSE
	EndGlobalSection
	GlobalSection(NestedProjects) = preSolution
		{1435BFC2-C25F-4934-8B56-FDEAB448819C} = {4B6C606C-1A2A-43E0-BB27-4F8F20387E93}
		{714C982B-31E9-4B02-AA2B-5A0FB6B754A2} = {4B6C606C-1A2A-43E0-BB27-4F8F20387E93}
		{DA59F67C-2D24-408D-A8DA-0C93BAE13716} = {4B6C606C-1A2A-43E0-BB27-4F8F20387E93}
		{F04E8CBA-BFB5-4202-AE98-C9834F09B386} = {36A1CC3A-89B0-466E-B2E4-DECE573BD54F}
		{AB09AF7E-80A5-4E67-8A4B-7EB16F1671EC} = {36A1CC3A-89B0-466E-B2E4-DECE573BD54F}
		{2B6E3066-32CE-498F-99FB-FECB38936FA5} = {817B16CB-9C21-46B5-BC1C-CABA83215936}
	EndGlobalSection
	GlobalSection(ExtensibilityGlobals) = postSolution
		SolutionGuid = {2820344A-F776-42E3-B07A-C8289E31AC3C}
	EndGlobalSection
EndGlobal
